
Microsoft Visual Studio Solution File, Format Version 12.00
# Visual Studio Version 17
VisualStudioVersion = 17.5.33627.172
MinimumVisualStudioVersion = 10.0.40219.1
Project("{FAE04EC0-301F-11D3-BF4B-00C04F79EFBC}") = "automatesend", "automatesend\automatesend.csproj", "{122D7388-77F9-4F6C-A501-B2E4FB07F49D}"
EndProject
Global
	GlobalSection(SolutionConfigurationPlatforms) = preSolution
		Debug|Any CPU = Debug|Any CPU
		Release|Any CPU = Release|Any CPU
	EndGlobalSection
	GlobalSection(ProjectConfigurationPlatforms) = postSolution
		{122D7388-77F9-4F6C-A501-B2E4FB07F49D}.Debug|Any CPU.ActiveCfg = Debug|Any CPU
		{122D7388-77F9-4F6C-A501-B2E4FB07F49D}.Debug|Any CPU.Build.0 = Debug|Any CPU
		{122D7388-77F9-4F6C-A501-B2E4FB07F49D}.Release|Any CPU.ActiveCfg = Release|Any CPU
		{122D7388-77F9-4F6C-A501-B2E4FB07F49D}.Release|Any CPU.Build.0 = Release|Any CPU
	EndGlobalSection
	GlobalSection(SolutionProperties) = preSolution
		HideSolutionNode = FALSE
	EndGlobalSection
	GlobalSection(ExtensibilityGlobals) = postSolution
		SolutionGuid = {BCE78945-7F66-46F6-BF5F-6AA9A384C759}
	EndGlobalSection
EndGlobal
